{
  "lockfileVersion": 1,
  "configVersion": 1,
  "workspaces": {
    "": {
      "name": "light-cc-coder",
      "dependencies": {
        "@anthropic-ai/sandbox-runtime": "^0.0.52",
      },
      "devDependencies": {
        "@types/bun": "^1.3.14",
        "typescript": "^6.0.3",
      },
    },
  },
  "packages": {
    "@anthropic-ai/sandbox-runtime": ["@anthropic-ai/sandbox-runtime@0.0.52", "", { "dependencies": { "@pondwader/socks5-server": "^1.0.10", "commander": "^12.1.0", "node-forge": "^1.4.0", "shell-quote": "^1.8.3", "zod": "^3.24.1" }, "bin": { "srt": "dist/cli.js" } }, "sha512-vYaM7OslFmOAzNgfy5gxvt3NoWFeCbr7C0AKyuduQq7Gdxbg2NnYmE7deBf8Nxj3ZNECTcC5RhAfz0lZwvbtBA=="],

    "@pondwader/socks5-server": ["@pondwader/socks5-server@1.0.10", "", {}, "sha512-bQY06wzzR8D2+vVCUoBsr5QS2U6UgPUQRmErNwtsuI6vLcyRKkafjkr3KxbtGFf9aBBIV2mcvlsKD1UYaIV+sg=="],

    "@types/bun": ["@types/bun@1.3.14", "", { "dependencies": { "bun-types": "1.3.14" } }, "sha512-h1hFqFVcvAvD9j9K7ZW7vd82aSA+rTdznZa+5bwvCwqSB1jmmfLcbIWhOLx1/+boy/xmjgCs/OMUL8hRJSmnPw=="],

    "@types/node": ["@types/node@25.9.1", "", { "dependencies": { "undici-types": ">=7.24.0 <7.24.7" } }, "sha512-xfrlY7UD5rMJk3ZVJP8BNzS28J36YJg+xp+LPXV1TdWxr8uMH5A860QNxYDGQe/ylDSgjxE52Q9VnO7p75tJxg=="],

    "bun-types": ["bun-types@1.3.14", "", { "dependencies": { "@types/node": "*" } }, "sha512-4N0ig0fEomHt5R0KCFWjovxow98rIoRwKolrYdCcknNwMekCXRnWEUvgu5soYV8QXtVsrUD8B95MBOZGPvr6KQ=="],

    "commander": ["commander@12.1.0", "", {}, "sha512-Vw8qHK3bZM9y/P10u3Vib8o/DdkvA2OtPtZvD871QKjy74Wj1WSKFILMPRPSdUSx5RFK1arlJzEtA4PkFgnbuA=="],

    "node-forge": ["node-forge@1.4.0", "", {}, "sha512-LarFH0+6VfriEhqMMcLX2F7SwSXeWwnEAJEsYm5QKWchiVYVvJyV9v7UDvUv+w5HO23ZpQTXDv/GxdDdMyOuoQ=="],

    "shell-quote": ["shell-quote@1.8.4", "", {}, "sha512-VsC6n6vz1ihYYyZZwX7YZSF5l5x36ca17OC+a69h94YqB7X6XLwf+5MOgynYir2SLFUbl8gIYvBo8K8RoNQ6bQ=="],

    "typescript": ["typescript@6.0.3", "", { "bin": { "tsc": "bin/tsc", "tsserver": "bin/tsserver" } }, "sha512-y2TvuxSZPDyQakkFRPZHKFm+KKVqIisdg9/CZwm9ftvKXLP8NRWj38/ODjNbr43SsoXqNuAisEf1GdCxqWcdBw=="],

    "undici-types": ["undici-types@7.24.6", "", {}, "sha512-WRNW+sJgj5OBN4/0JpHFqtqzhpbnV0GuB+OozA9gCL7a993SmU+1JBZCzLNxYsbMfIeDL+lTsphD5jN5N+n0zg=="],

    "zod": ["zod@3.25.76", "", {}, "sha512-gzUt/qt81nXsFGKIFcC3YnfEAx5NkunCfnDlvuBSSFS02bcXu4Lmea0AFIUwbLWxWPx3d9p8S5QoaujKcNQxcQ=="],
  }
}
